// !$*UTF8*$!
{
	archiveVersion = 1;
	classes = {
	};
	objectVersion = 46;
	objects = {

/* Begin PBXBuildFile section */
		D1ECFFAD1C4775CA0057C084 /* main.m in Sources */ = {isa = PBXBuildFile; fileRef = D1ECFFAC1C4775CA0057C084 /* main.m */; };
		D1ECFFB01C4775CA0057C084 /* AppDelegate.m in Sources */ = {isa = PBXBuildFile; fileRef = D1ECFFAF1C4775CA0057C084 /* AppDelegate.m */; };
		D1ECFFB61C4775CA0057C084 /* Main.storyboard in Resources */ = {isa = PBXBuildFile; fileRef = D1ECFFB41C4775CA0057C084 /* Main.storyboard */; };
		D1ECFFB81C4775CA0057C084 /* Assets.xcassets in Resources */ = {isa = PBXBuildFile; fileRef = D1ECFFB71C4775CA0057C084 /* Assets.xcassets */; };
		D1ECFFBB1C4775CA0057C084 /* LaunchScreen.storyboard in Resources */ = {isa = PBXBuildFile; fileRef = D1ECFFB91C4775CA0057C084 /* LaunchScreen.storyboard */; };
		D1ECFFC61C4775CA0057C084 /* UIBezierPath_demoUITests.m in Sources */ = {isa = PBXBuildFile; fileRef = D1ECFFC51C4775CA0057C084 /* UIBezierPath_demoUITests.m */; };
		D1ECFFD21C4776130057C084 /* MXMainViewController.m in Sources */ = {isa = PBXBuildFile; fileRef = D1ECFFD11C4776130057C084 /* MXMainViewController.m */; settings = {ASSET_TAGS = (); }; };
		D1ECFFD51C4776340057C084 /* MXBezierPathView.m in Sources */ = {isa = PBXBuildFile; fileRef = D1ECFFD41C4776340057C084 /* MXBezierPathView.m */; settings = {ASSET_TAGS = (); }; };
/* End PBXBuildFile section */

/* Begin PBXContainerItemProxy section */
		D1ECFFC21C4775CA0057C084 /* PBXContainerItemProxy */ = {
			isa = PBXContainerItemProxy;
			containerPortal = D1ECFFA01C4775CA0057C084 /* Project object */;
			proxyType = 1;
			remoteGlobalIDString = D1ECFFA71C4775CA0057C084;
			remoteInfo = "UIBezierPath-demo";
		};
/* End PBXContainerItemProxy section */

/* Begin PBXFileReference section */
		D1ECFFA81C4775CA0057C084 /* UIBezierPath-demo.app */ = {isa = PBXFileReference; explicitFileType = wrapper.application; includeInIndex = 0; path = "UIBezierPath-demo.app"; sourceTree = BUILT_PRODUCTS_DIR; };
		D1ECFFAC1C4775CA0057C084 /* main.m */ = {isa = PBXFileReference; lastKnownFileType = sourcecode.c.objc; path = main.m; sourceTree = "<group>"; };
		D1ECFFAE1C4775CA0057C084 /* AppDelegate.h */ = {isa = PBXFileReference; lastKnownFileType = sourcecode.c.h; path = AppDelegate.h; sourceTree = "<group>"; };
		D1ECFFAF1C4775CA0057C084 /* AppDelegate.m */ = {isa = PBXFileReference; lastKnownFileType = sourcecode.c.objc; path = AppDelegate.m; sourceTree = "<group>"; };
		D1ECFFB51C4775CA0057C084 /* Base */ = {isa = PBXFileReference; lastKnownFileType = file.storyboard; name = Base; path = Base.lproj/Main.storyboard; sourceTree = "<group>"; };
		D1ECFFB71C4775CA0057C084 /* Assets.xcassets */ = {isa = PBXFileReference; lastKnownFileType = folder.assetcatalog; path = Assets.xcassets; sourceTree = "<group>"; };
		D1ECFFBA1C4775CA0057C084 /* Base */ = {isa = PBXFileReference; lastKnownFileType = file.storyboard; name = Base; path = Base.lproj/LaunchScreen.storyboard; sourceTree = "<group>"; };
		D1ECFFBC1C4775CA0057C084 /* Info.plist */ = {isa = PBXFileReference; lastKnownFileType = text.plist.xml; path = Info.plist; sourceTree = "<group>"; };
		D1ECFFC11C4775CA0057C084 /* UIBezierPath-demoUITests.xctest */ = {isa = PBXFileReference; explicitFileType = wrapper.cfbundle; includeInIndex = 0; path = "UIBezierPath-demoUITests.xctest"; sourceTree = BUILT_PRODUCTS_DIR; };
		D1ECFFC51C4775CA0057C084 /* UIBezierPath_demoUITests.m */ = {isa = PBXFileReference; lastKnownFileType = sourcecode.c.objc; path = UIBezierPath_demoUITests.m; sourceTree = "<group>"; };
		D1ECFFC71C4775CA0057C084 /* Info.plist */ = {isa = PBXFileReference; lastKnownFileType = text.plist.xml; path = Info.plist; sourceTree = "<group>"; };
		D1ECFFD01C4776130057C084 /* MXMainViewController.h */ = {isa = PBXFileReference; fileEncoding = 4; lastKnownFileType = sourcecode.c.h; path = MXMainViewController.h; sourceTree = "<group>"; };
		D1ECFFD11C4776130057C084 /* MXMainViewController.m */ = {isa = PBXFileReference; fileEncoding = 4; lastKnownFileType = sourcecode.c.objc; path = MXMainViewController.m; sourceTree = "<group>"; };
		D1ECFFD31C4776340057C084 /* MXBezierPathView.h */ = {isa = PBXFileReference; fileEncoding = 4; lastKnownFileType = sourcecode.c.h; path = MXBezierPathView.h; sourceTree = "<group>"; };
		D1ECFFD41C4776340057C084 /* MXBezierPathView.m */ = {isa = PBXFileReference; fileEncoding = 4; lastKnownFileType = sourcecode.c.objc; path = MXBezierPathView.m; sourceTree = "<group>"; };
/* End PBXFileReference section */

/* Begin PBXFrameworksBuildPhase section */
		D1ECFFA51C4775CA0057C084 /* Frameworks */ = {
			isa = PBXFrameworksBuildPhase;
			buildActionMask = 2147483647;
			files = (
			);
			runOnlyForDeploymentPostprocessing = 0;
		};
		D1ECFFBE1C4775CA0057C084 /* Frameworks */ = {
			isa = PBXFrameworksBuildPhase;
			buildActionMask = 2147483647;
			files = (
			);
			runOnlyForDeploymentPostprocessing = 0;
		};
/* End PBXFrameworksBuildPhase section */

/* Begin PBXGroup section */
		D1ECFF9F1C4775CA0057C084 = {
			isa = PBXGroup;
			children = (
				D1ECFFAA1C4775CA0057C084 /* UIBezierPath-demo */,
				D1ECFFC41C4775CA0057C084 /* UIBezierPath-demoUITests */,
				D1ECFFA91C4775CA0057C084 /* Products */,
			);
			sourceTree = "<group>";
		};
		D1ECFFA91C4775CA0057C084 /* Products */ = {
			isa = PBXGroup;
			children = (
				D1ECFFA81C4775CA0057C084 /* UIBezierPath-demo.app */,
				D1ECFFC11C4775CA0057C084 /* UIBezierPath-demoUITests.xctest */,
			);
			name = Products;
			sourceTree = "<group>";
		};
		D1ECFFAA1C4775CA0057C084 /* UIBezierPath-demo */ = {
			isa = PBXGroup;
			children = (
				D1ECFFAE1C4775CA0057C084 /* AppDelegate.h */,
				D1ECFFAF1C4775CA0057C084 /* AppDelegate.m */,
				D1ECFFD01C4776130057C084 /* MXMainViewController.h */,
				D1ECFFD11C4776130057C084 /* MXMainViewController.m */,
				D1ECFFD31C4776340057C084 /* MXBezierPathView.h */,
				D1ECFFD41C4776340057C084 /* MXBezierPathView.m */,
				D1ECFFB41C4775CA0057C084 /* Main.storyboard */,
				D1ECFFB71C4775CA0057C084 /* Assets.xcassets */,
				D1ECFFB91C4775CA0057C084 /* LaunchScreen.storyboard */,
				D1ECFFBC1C4775CA0057C084 /* Info.plist */,
				D1ECFFAB1C4775CA0057C084 /* Supporting Files */,
			);
			path = "UIBezierPath-demo";
			sourceTree = "<group>";
		};
		D1ECFFAB1C4775CA0057C084 /* Supporting Files */ = {
			isa = PBXGroup;
			children = (
				D1ECFFAC1C4775CA0057C084 /* main.m */,
			);
			name = "Supporting Files";
			sourceTree = "<group>";
		};
		D1ECFFC41C4775CA0057C084 /* UIBezierPath-demoUITests */ = {
			isa = PBXGroup;
			children = (
				D1ECFFC51C4775CA0057C084 /* UIBezierPath_demoUITests.m */,
				D1ECFFC71C4775CA0057C084 /* Info.plist */,
			);
			path = "UIBezierPath-demoUITests";
			sourceTree = "<group>";
		};
/* End PBXGroup section */

/* Begin PBXNativeTarget section */
		D1ECFFA71C4775CA0057C084 /* UIBezierPath-demo */ = {
			isa = PBXNativeTarget;
			buildConfigurationList = D1ECFFCA1C4775CA0057C084 /* Build configuration list for PBXNativeTarget "UIBezierPath-demo" */;
			buildPhases = (
				D1ECFFA41C4775CA0057C084 /* Sources */,
				D1ECFFA51C4775CA0057C084 /* Frameworks */,
				D1ECFFA61C4775CA0057C084 /* Resources */,
			);
			buildRules = (
			);
			dependencies = (
			);
			name = "UIBezierPath-demo";
			productName = "UIBezierPath-demo";
			productReference = D1ECFFA81C4775CA0057C084 /* UIBezierPath-demo.app */;
			productType = "com.apple.product-type.application";
		};
		D1ECFFC01C4775CA0057C084 /* UIBezierPath-demoUITests */ = {
			isa = PBXNativeTarget;
			buildConfigurationList = D1ECFFCD1C4775CA0057C084 /* Build configuration list for PBXNativeTarget "UIBezierPath-demoUITests" */;
			buildPhases = (
				D1ECFFBD1C4775CA0057C084 /* Sources */,
				D1ECFFBE1C4775CA0057C084 /* Frameworks */,
				D1ECFFBF1C4775CA0057C084 /* Resources */,
			);
			buildRules = (
			);
			dependencies = (
				D1ECFFC31C4775CA0057C084 /* PBXTargetDependency */,
			);
			name = "UIBezierPath-demoUITests";
			productName = "UIBezierPath-demoUITests";
			productReference = D1ECFFC11C4775CA0057C084 /* UIBezierPath-demoUITests.xctest */;
			productType = "com.apple.product-type.bundle.ui-testing";
		};
/* End PBXNativeTarget section */

/* Begin PBXProject section */
		D1ECFFA01C4775CA0057C084 /* Project object */ = {
			isa = PBXProject;
			attributes = {
				CLASSPREFIX = MX;
				LastUpgradeCheck = 0700;
				ORGANIZATIONNAME = "马 霄";
				TargetAttributes = {
					D1ECFFA71C4775CA0057C084 = {
						CreatedOnToolsVersion = 7.0;
					};
					D1ECFFC01C4775CA0057C084 = {
						CreatedOnToolsVersion = 7.0;
						TestTargetID = D1ECFFA71C4775CA0057C084;
					};
				};
			};
			buildConfigurationList = D1ECFFA31C4775CA0057C084 /* Build configuration list for PBXProject "UIBezierPath-demo" */;
			compatibilityVersion = "Xcode 3.2";
			developmentRegion = English;
			hasScannedForEncodings = 0;
			knownRegions = (
				en,
				Base,
			);
			mainGroup = D1ECFF9F1C4775CA0057C084;
			productRefGroup = D1ECFFA91C4775CA0057C084 /* Products */;
			projectDirPath = "";
			projectRoot = "";
			targets = (
				D1ECFFA71C4775CA0057C084 /* UIBezierPath-demo */,
				D1ECFFC01C4775CA0057C084 /* UIBezierPath-demoUITests */,
			);
		};
/* End PBXProject section */

/* Begin PBXResourcesBuildPhase section */
		D1ECFFA61C4775CA0057C084 /* Resources */ = {
			isa = PBXResourcesBuildPhase;
			buildActionMask = 2147483647;
			files = (
				D1ECFFBB1C4775CA0057C084 /* LaunchScreen.storyboard in Resources */,
				D1ECFFB81C4775CA0057C084 /* Assets.xcassets in Resources */,
				D1ECFFB61C4775CA0057C084 /* Main.storyboard in Resources */,
			);
			runOnlyForDeploymentPostprocessing = 0;
		};
		D1ECFFBF1C4775CA0057C084 /* Resources */ = {
			isa = PBXResourcesBuildPhase;
			buildActionMask = 2147483647;
			files = (
			);
			runOnlyForDeploymentPostprocessing = 0;
		};
/* End PBXResourcesBuildPhase section */

/* Begin PBXSourcesBuildPhase section */
		D1ECFFA41C4775CA0057C084 /* Sources */ = {
			isa = PBXSourcesBuildPhase;
			buildActionMask = 2147483647;
			files = (
				D1ECFFB01C4775CA0057C084 /* AppDelegate.m in Sources */,
				D1ECFFD21C4776130057C084 /* MXMainViewController.m in Sources */,
				D1ECFFAD1C4775CA0057C084 /* main.m in Sources */,
				D1ECFFD51C4776340057C084 /* MXBezierPathView.m in Sources */,
			);
			runOnlyForDeploymentPostprocessing = 0;
		};
		D1ECFFBD1C4775CA0057C084 /* Sources */ = {
			isa = PBXSourcesBuildPhase;
			buildActionMask = 2147483647;
			files = (
				D1ECFFC61C4775CA0057C084 /* UIBezierPath_demoUITests.m in Sources */,
			);
			runOnlyForDeploymentPostprocessing = 0;
		};
/* End PBXSourcesBuildPhase section */

/* Begin PBXTargetDependency section */
		D1ECFFC31C4775CA0057C084 /* PBXTargetDependency */ = {
			isa = PBXTargetDependency;
			target = D1ECFFA71C4775CA0057C084 /* UIBezierPath-demo */;
			targetProxy = D1ECFFC21C4775CA0057C084 /* PBXContainerItemProxy */;
		};
/* End PBXTargetDependency section */

/* Begin PBXVariantGroup section */
		D1ECFFB41C4775CA0057C084 /* Main.storyboard */ = {
			isa = PBXVariantGroup;
			children = (
				D1ECFFB51C4775CA0057C084 /* Base */,
			);
			name = Main.storyboard;
			sourceTree = "<group>";
		};
		D1ECFFB91C4775CA0057C084 /* LaunchScreen.storyboard */ = {
			isa = PBXVariantGroup;
			children = (
				D1ECFFBA1C4775CA0057C084 /* Base */,
			);
			name = LaunchScreen.storyboard;
			sourceTree = "<group>";
		};
/* End PBXVariantGroup section */

/* Begin XCBuildConfiguration section */
		D1ECFFC81C4775CA0057C084 /* Debug */ = {
			isa = XCBuildConfiguration;
			buildSettings = {
				ALWAYS_SEARCH_USER_PATHS = NO;
				CLANG_CXX_LANGUAGE_STANDARD = "gnu++0x";
				CLANG_CXX_LIBRARY = "libc++";
				CLANG_ENABLE_MODULES = YES;
				CLANG_ENABLE_OBJC_ARC = YES;
				CLANG_WARN_BOOL_CONVERSION = YES;
				CLANG_WARN_CONSTANT_CONVERSION = YES;
				CLANG_WARN_DIRECT_OBJC_ISA_USAGE = YES_ERROR;
				CLANG_WARN_EMPTY_BODY = YES;
				CLANG_WARN_ENUM_CONVERSION = YES;
				CLANG_WARN_INT_CONVERSION = YES;
				CLANG_WARN_OBJC_ROOT_CLASS = YES_ERROR;
				CLANG_WARN_UNREACHABLE_CODE = YES;
				CLANG_WARN__DUPLICATE_METHOD_MATCH = YES;
				"CODE_SIGN_IDENTITY[sdk=iphoneos*]" = "iPhone Developer";
				COPY_PHASE_STRIP = NO;
				DEBUG_INFORMATION_FORMAT = dwarf;
				ENABLE_STRICT_OBJC_MSGSEND = YES;
				ENABLE_TESTABILITY = YES;
				GCC_C_LANGUAGE_STANDARD = gnu99;
				GCC_DYNAMIC_NO_PIC = NO;
				GCC_NO_COMMON_BLOCKS = YES;
				GCC_OPTIMIZATION_LEVEL = 0;
				GCC_PREPROCESSOR_DEFINITIONS = (
					"DEBUG=1",
					"$(inherited)",
				);
				GCC_WARN_64_TO_32_BIT_CONVERSION = YES;
				GCC_WARN_ABOUT_RETURN_TYPE = YES_ERROR;
				GCC_WARN_UNDECLARED_SELECTOR = YES;
				GCC_WARN_UNINITIALIZED_AUTOS = YES_AGGRESSIVE;
				GCC_WARN_UNUSED_FUNCTION = YES;
				GCC_WARN_UNUSED_VARIABLE = YES;
				IPHONEOS_DEPLOYMENT_TARGET = 9.0;
				MTL_ENABLE_DEBUG_INFO = YES;
				ONLY_ACTIVE_ARCH = YES;
				SDKROOT = iphoneos;
				TARGETED_DEVICE_FAMILY = "1,2";
			};
			name = Debug;
		};
		D1ECFFC91C4775CA0057C084 /* Release */ = {
			isa = XCBuildConfiguration;
			buildSettings = {
				ALWAYS_SEARCH_USER_PATHS = NO;
				CLANG_CXX_LANGUAGE_STANDARD = "gnu++0x";
				CLANG_CXX_LIBRARY = "libc++";
				CLANG_ENABLE_MODULES = YES;
				CLANG_ENABLE_OBJC_ARC = YES;
				CLANG_WARN_BOOL_CONVERSION = YES;
				CLANG_WARN_CONSTANT_CONVERSION = YES;
				CLANG_WARN_DIRECT_OBJC_ISA_USAGE = YES_ERROR;
				CLANG_WARN_EMPTY_BODY = YES;
				CLANG_WARN_ENUM_CONVERSION = YES;
				CLANG_WARN_INT_CONVERSION = YES;
				CLANG_WARN_OBJC_ROOT_CLASS = YES_ERROR;
				CLANG_WARN_UNREACHABLE_CODE = YES;
				CLANG_WARN__DUPLICATE_METHOD_MATCH = YES;
				"CODE_SIGN_IDENTITY[sdk=iphoneos*]" = "iPhone Developer";
				COPY_PHASE_STRIP = NO;
				DEBUG_INFORMATION_FORMAT = "dwarf-with-dsym";
				ENABLE_NS_ASSERTIONS = NO;
				ENABLE_STRICT_OBJC_MSGSEND = YES;
				GCC_C_LANGUAGE_STANDARD = gnu99;
				GCC_NO_COMMON_BLOCKS = YES;
				GCC_WARN_64_TO_32_BIT_CONVERSION = YES;
				GCC_WARN_ABOUT_RETURN_TYPE = YES_ERROR;
				GCC_WARN_UNDECLARED_SELECTOR = YES;
				GCC_WARN_UNINITIALIZED_AUTOS = YES_AGGRESSIVE;
				GCC_WARN_UNUSED_FUNCTION = YES;
				GCC_WARN_UNUSED_VARIABLE = YES;
				IPHONEOS_DEPLOYMENT_TARGET = 9.0;
				MTL_ENABLE_DEBUG_INFO = NO;
				SDKROOT = iphoneos;
				TARGETED_DEVICE_FAMILY = "1,2";
				VALIDATE_PRODUCT = YES;
			};
			name = Release;
		};
		D1ECFFCB1C4775CA0057C084 /* Debug */ = {
			isa = XCBuildConfiguration;
			buildSettings = {
				ASSETCATALOG_COMPILER_APPICON_NAME = AppIcon;
				INFOPLIST_FILE = "UIBezierPath-demo/Info.plist";
				IPHONEOS_DEPLOYMENT_TARGET = 7.1;
				LD_RUNPATH_SEARCH_PATHS = "$(inherited) @executable_path/Frameworks";
				PRODUCT_BUNDLE_IDENTIFIER = "------.UIBezierPath-demo";
				PRODUCT_NAME = "$(TARGET_NAME)";
			};
			name = Debug;
		};
		D1ECFFCC1C4775CA0057C084 /* Release */ = {
			isa = XCBuildConfiguration;
			buildSettings = {
				ASSETCATALOG_COMPILER_APPICON_NAME = AppIcon;
				INFOPLIST_FILE = "UIBezierPath-demo/Info.plist";
				IPHONEOS_DEPLOYMENT_TARGET = 7.1;
				LD_RUNPATH_SEARCH_PATHS = "$(inherited) @executable_path/Frameworks";
				PRODUCT_BUNDLE_IDENTIFIER = "------.UIBezierPath-demo";
				PRODUCT_NAME = "$(TARGET_NAME)";
			};
			name = Release;
		};
		D1ECFFCE1C4775CA0057C084 /* Debug */ = {
			isa = XCBuildConfiguration;
			buildSettings = {
				INFOPLIST_FILE = "UIBezierPath-demoUITests/Info.plist";
				LD_RUNPATH_SEARCH_PATHS = "$(inherited) @executable_path/Frameworks @loader_path/Frameworks";
				PRODUCT_BUNDLE_IDENTIFIER = "------.UIBezierPath-demoUITests";
				PRODUCT_NAME = "$(TARGET_NAME)";
				TEST_TARGET_NAME = "UIBezierPath-demo";
				USES_XCTRUNNER = YES;
			};
			name = Debug;
		};
		D1ECFFCF1C4775CA0057C084 /* Release */ = {
			isa = XCBuildConfiguration;
			buildSettings = {
				INFOPLIST_FILE = "UIBezierPath-demoUITests/Info.plist";
				LD_RUNPATH_SEARCH_PATHS = "$(inherited) @executable_path/Frameworks @loader_path/Frameworks";
				PRODUCT_BUNDLE_IDENTIFIER = "------.UIBezierPath-demoUITests";
				PRODUCT_NAME = "$(TARGET_NAME)";
				TEST_TARGET_NAME = "UIBezierPath-demo";
				USES_XCTRUNNER = YES;
			};
			name = Release;
		};
/* End XCBuildConfiguration section */

/* Begin XCConfigurationList section */
		D1ECFFA31C4775CA0057C084 /* Build configuration list for PBXProject "UIBezierPath-demo" */ = {
			isa = XCConfigurationList;
			buildConfigurations = (
				D1ECFFC81C4775CA0057C084 /* Debug */,
				D1ECFFC91C4775CA0057C084 /* Release */,
			);
			defaultConfigurationIsVisible = 0;
			defaultConfigurationName = Release;
		};
		D1ECFFCA1C4775CA0057C084 /* Build configuration list for PBXNativeTarget "UIBezierPath-demo" */ = {
			isa = XCConfigurationList;
			buildConfigurations = (
				D1ECFFCB1C4775CA0057C084 /* Debug */,
				D1ECFFCC1C4775CA0057C084 /* Release */,
			);
			defaultConfigurationIsVisible = 0;
		};
		D1ECFFCD1C4775CA0057C084 /* Build configuration list for PBXNativeTarget "UIBezierPath-demoUITests" */ = {
			isa = XCConfigurationList;
			buildConfigurations = (
				D1ECFFCE1C4775CA0057C084 /* Debug */,
				D1ECFFCF1C4775CA0057C084 /* Release */,
			);
			defaultConfigurationIsVisible = 0;
		};
/* End XCConfigurationList section */
	};
	rootObject = D1ECFFA01C4775CA0057C084 /* Project object */;
}
